
Microsoft Visual Studio Solution File, Format Version 12.00
# Visual Studio 2012
Project("{FAE04EC0-301F-11D3-BF4B-00C04F79EFBC}") = "AppTest", "AppTest\AppTest.csproj", "{11D6A133-8B76-496E-8A82-AA309F08507D}"
EndProject
Project("{2150E333-8FDC-42A3-9474-1A3956D46DE8}") = "Front", "Front", "{663FC798-EA00-496D-9778-5B7B6790875E}"
EndProject
Project("{2150E333-8FDC-42A3-9474-1A3956D46DE8}") = "Tiers", "Tiers", "{6B644CDF-8D86-44A7-B088-534AC50A06D7}"
EndProject
Project("{FAE04EC0-301F-11D3-BF4B-00C04F79EFBC}") = "DAL", "DAL\DAL.csproj", "{43784E86-79E5-405B-859D-1D5AC1B7019B}"
EndProject
Project("{FAE04EC0-301F-11D3-BF4B-00C04F79EFBC}") = "Business", "Business\Business.csproj", "{746D0907-F1E1-4C17-9622-F091BFA77614}"
EndProject
Global
	GlobalSection(SolutionConfigurationPlatforms) = preSolution
		Debug|Any CPU = Debug|Any CPU
		Release|Any CPU = Release|Any CPU
	EndGlobalSection
	GlobalSection(ProjectConfigurationPlatforms) = postSolution
		{11D6A133-8B76-496E-8A82-AA309F08507D}.Debug|Any CPU.ActiveCfg = Debug|Any CPU
		{11D6A133-8B76-496E-8A82-AA309F08507D}.Debug|Any CPU.Build.0 = Debug|Any CPU
		{11D6A133-8B76-496E-8A82-AA309F08507D}.Release|Any CPU.ActiveCfg = Release|Any CPU
		{11D6A133-8B76-496E-8A82-AA309F08507D}.Release|Any CPU.Build.0 = Release|Any CPU
		{43784E86-79E5-405B-859D-1D5AC1B7019B}.Debug|Any CPU.ActiveCfg = Debug|Any CPU
		{43784E86-79E5-405B-859D-1D5AC1B7019B}.Debug|Any CPU.Build.0 = Debug|Any CPU
		{43784E86-79E5-405B-859D-1D5AC1B7019B}.Release|Any CPU.ActiveCfg = Release|Any CPU
		{43784E86-79E5-405B-859D-1D5AC1B7019B}.Release|Any CPU.Build.0 = Release|Any CPU
		{746D0907-F1E1-4C17-9622-F091BFA77614}.Debug|Any CPU.ActiveCfg = Debug|Any CPU
		{746D0907-F1E1-4C17-9622-F091BFA77614}.Debug|Any CPU.Build.0 = Debug|Any CPU
		{746D0907-F1E1-4C17-9622-F091BFA77614}.Release|Any CPU.ActiveCfg = Release|Any CPU
		{746D0907-F1E1-4C17-9622-F091BFA77614}.Release|Any CPU.Build.0 = Release|Any CPU
	EndGlobalSection
	GlobalSection(SolutionProperties) = preSolution
		HideSolutionNode = FALSE
	EndGlobalSection
	GlobalSection(NestedProjects) = preSolution
		{11D6A133-8B76-496E-8A82-AA309F08507D} = {663FC798-EA00-496D-9778-5B7B6790875E}
		{43784E86-79E5-405B-859D-1D5AC1B7019B} = {6B644CDF-8D86-44A7-B088-534AC50A06D7}
		{746D0907-F1E1-4C17-9622-F091BFA77614} = {6B644CDF-8D86-44A7-B088-534AC50A06D7}
	EndGlobalSection
EndGlobal
